
Microsoft Visual Studio Solution File, Format Version 12.00
# Visual Studio 14
VisualStudioVersion = 14.0.25420.1
MinimumVisualStudioVersion = 10.0.40219.1
Project("{FAE04EC0-301F-11D3-BF4B-00C04F79EFBC}") = "demo01", "demo01\demo01.csproj", "{7F725F45-D009-470A-97A4-E161029974A1}"
EndProject
Project("{FAE04EC0-301F-11D3-BF4B-00C04F79EFBC}") = "demo01T1", "demo01T1\demo01T1.csproj", "{34A72887-537B-4CD2-B46B-13CE0A4585F5}"
EndProject
Project("{FAE04EC0-301F-11D3-BF4B-00C04F79EFBC}") = "demo01T2", "demo01T2\demo01T2.csproj", "{0CFC8E2C-71BA-42B9-B37D-A204F16F32C8}"
EndProject
Project("{FAE04EC0-301F-11D3-BF4B-00C04F79EFBC}") = "demo01T4", "demo01T4\demo01T4.csproj", "{20ABE299-3ABB-4743-96DE-932958FAFBA7}"
EndProject
Project("{FAE04EC0-301F-11D3-BF4B-00C04F79EFBC}") = "demo01T5", "demo01T5\demo01T5.csproj", "{F227349B-D5E4-473D-9B6B-7C15A6D7134C}"
EndProject
Project("{FAE04EC0-301F-11D3-BF4B-00C04F79EFBC}") = "demo01T6", "demo01T6\demo01T6.csproj", "{BA819C4F-A403-44E4-8585-B808068DE5DD}"
EndProject
Project("{FAE04EC0-301F-11D3-BF4B-00C04F79EFBC}") = "demo01T7", "demo01T7\demo01T7.csproj", "{055687E2-5489-4BF2-8C5C-B5A2ACB0C589}"
EndProject
Project("{FAE04EC0-301F-11D3-BF4B-00C04F79EFBC}") = "demo01T8", "demo01T8\demo01T8.csproj", "{BA4B5A4E-8544-40FA-98DE-B867A161D025}"
EndProject
Project("{FAE04EC0-301F-11D3-BF4B-00C04F79EFBC}") = "demo01T9", "demo01T9\demo01T9.csproj", "{F49DD94B-9E2C-4C27-B148-90F54FCC4BDD}"
EndProject
Global
	GlobalSection(SolutionConfigurationPlatforms) = preSolution
		Debug|Any CPU = Debug|Any CPU
		Release|Any CPU = Release|Any CPU
	EndGlobalSection
	GlobalSection(ProjectConfigurationPlatforms) = postSolution
		{7F725F45-D009-470A-97A4-E161029974A1}.Debug|Any CPU.ActiveCfg = Debug|Any CPU
		{7F725F45-D009-470A-97A4-E161029974A1}.Debug|Any CPU.Build.0 = Debug|Any CPU
		{7F725F45-D009-470A-97A4-E161029974A1}.Release|Any CPU.ActiveCfg = Release|Any CPU
		{7F725F45-D009-470A-97A4-E161029974A1}.Release|Any CPU.Build.0 = Release|Any CPU
		{34A72887-537B-4CD2-B46B-13CE0A4585F5}.Debug|Any CPU.ActiveCfg = Debug|Any CPU
		{34A72887-537B-4CD2-B46B-13CE0A4585F5}.Debug|Any CPU.Build.0 = Debug|Any CPU
		{34A72887-537B-4CD2-B46B-13CE0A4585F5}.Release|Any CPU.ActiveCfg = Release|Any CPU
		{34A72887-537B-4CD2-B46B-13CE0A4585F5}.Release|Any CPU.Build.0 = Release|Any CPU
		{0CFC8E2C-71BA-42B9-B37D-A204F16F32C8}.Debug|Any CPU.ActiveCfg = Debug|Any CPU
		{0CFC8E2C-71BA-42B9-B37D-A204F16F32C8}.Debug|Any CPU.Build.0 = Debug|Any CPU
		{0CFC8E2C-71BA-42B9-B37D-A204F16F32C8}.Release|Any CPU.ActiveCfg = Release|Any CPU
		{0CFC8E2C-71BA-42B9-B37D-A204F16F32C8}.Release|Any CPU.Build.0 = Release|Any CPU
		{20ABE299-3ABB-4743-96DE-932958FAFBA7}.Debug|Any CPU.ActiveCfg = Debug|Any CPU
		{20ABE299-3ABB-4743-96DE-932958FAFBA7}.Debug|Any CPU.Build.0 = Debug|Any CPU
		{20ABE299-3ABB-4743-96DE-932958FAFBA7}.Release|Any CPU.ActiveCfg = Release|Any CPU
		{20ABE299-3ABB-4743-96DE-932958FAFBA7}.Release|Any CPU.Build.0 = Release|Any CPU
		{F227349B-D5E4-473D-9B6B-7C15A6D7134C}.Debug|Any CPU.ActiveCfg = Debug|Any CPU
		{F227349B-D5E4-473D-9B6B-7C15A6D7134C}.Debug|Any CPU.Build.0 = Debug|Any CPU
		{F227349B-D5E4-473D-9B6B-7C15A6D7134C}.Release|Any CPU.ActiveCfg = Release|Any CPU
		{F227349B-D5E4-473D-9B6B-7C15A6D7134C}.Release|Any CPU.Build.0 = Release|Any CPU
		{BA819C4F-A403-44E4-8585-B808068DE5DD}.Debug|Any CPU.ActiveCfg = Debug|Any CPU
		{BA819C4F-A403-44E4-8585-B808068DE5DD}.Debug|Any CPU.Build.0 = Debug|Any CPU
		{BA819C4F-A403-44E4-8585-B808068DE5DD}.Release|Any CPU.ActiveCfg = Release|Any CPU
		{BA819C4F-A403-44E4-8585-B808068DE5DD}.Release|Any CPU.Build.0 = Release|Any CPU
		{055687E2-5489-4BF2-8C5C-B5A2ACB0C589}.Debug|Any CPU.ActiveCfg = Debug|Any CPU
		{055687E2-5489-4BF2-8C5C-B5A2ACB0C589}.Debug|Any CPU.Build.0 = Debug|Any CPU
		{055687E2-5489-4BF2-8C5C-B5A2ACB0C589}.Release|Any CPU.ActiveCfg = Release|Any CPU
		{055687E2-5489-4BF2-8C5C-B5A2ACB0C589}.Release|Any CPU.Build.0 = Release|Any CPU
		{BA4B5A4E-8544-40FA-98DE-B867A161D025}.Debug|Any CPU.ActiveCfg = Debug|Any CPU
		{BA4B5A4E-8544-40FA-98DE-B867A161D025}.Debug|Any CPU.Build.0 = Debug|Any CPU
		{BA4B5A4E-8544-40FA-98DE-B867A161D025}.Release|Any CPU.ActiveCfg = Release|Any CPU
		{BA4B5A4E-8544-40FA-98DE-B867A161D025}.Release|Any CPU.Build.0 = Release|Any CPU
		{F49DD94B-9E2C-4C27-B148-90F54FCC4BDD}.Debug|Any CPU.ActiveCfg = Debug|Any CPU
		{F49DD94B-9E2C-4C27-B148-90F54FCC4BDD}.Debug|Any CPU.Build.0 = Debug|Any CPU
		{F49DD94B-9E2C-4C27-B148-90F54FCC4BDD}.Release|Any CPU.ActiveCfg = Release|Any CPU
		{F49DD94B-9E2C-4C27-B148-90F54FCC4BDD}.Release|Any CPU.Build.0 = Release|Any CPU
	EndGlobalSection
	GlobalSection(SolutionProperties) = preSolution
		HideSolutionNode = FALSE
	EndGlobalSection
EndGlobal
